// !$*UTF8*$!
{
	archiveVersion = 1;
	classes = {
	};
	objectVersion = 46;
	objects = {

/* Begin PBXBuildFile section */
		AD2F47831FC90236008384A7 /* utilities.swift in Sources */ = {isa = PBXBuildFile; fileRef = AD2F47821FC90236008384A7 /* utilities.swift */; };
		AD5199EF1FBFBC6C001B8A01 /* school.swift in Sources */ = {isa = PBXBuildFile; fileRef = AD5199EE1FBFBC6C001B8A01 /* school.swift */; };
		AD5199F11FBFBD10001B8A01 /* main.swift in Sources */ = {isa = PBXBuildFile; fileRef = AD5199F01FBFBD10001B8A01 /* main.swift */; };
		AD5199F21FBFBD4E001B8A01 /* practice.swift in Sources */ = {isa = PBXBuildFile; fileRef = AD6023681FA3F76F00069EC9 /* practice.swift */; };
/* End PBXBuildFile section */

/* Begin PBXCopyFilesBuildPhase section */
		AD6023631FA3F76F00069EC9 /* CopyFiles */ = {
			isa = PBXCopyFilesBuildPhase;
			buildActionMask = 2147483647;
			dstPath = /usr/share/man/man1/;
			dstSubfolderSpec = 0;
			files = (
			);
			runOnlyForDeploymentPostprocessing = 1;
		};
/* End PBXCopyFilesBuildPhase section */

/* Begin PBXFileReference section */
		AD2F47821FC90236008384A7 /* utilities.swift */ = {isa = PBXFileReference; fileEncoding = 4; lastKnownFileType = sourcecode.swift; path = utilities.swift; sourceTree = "<group>"; };
		AD5199EE1FBFBC6C001B8A01 /* school.swift */ = {isa = PBXFileReference; fileEncoding = 4; lastKnownFileType = sourcecode.swift; path = school.swift; sourceTree = "<group>"; };
		AD5199F01FBFBD10001B8A01 /* main.swift */ = {isa = PBXFileReference; fileEncoding = 4; lastKnownFileType = sourcecode.swift; path = main.swift; sourceTree = "<group>"; };
		AD6023651FA3F76F00069EC9 /* Swift Practice */ = {isa = PBXFileReference; explicitFileType = "compiled.mach-o.executable"; includeInIndex = 0; path = "Swift Practice"; sourceTree = BUILT_PRODUCTS_DIR; };
		AD6023681FA3F76F00069EC9 /* practice.swift */ = {isa = PBXFileReference; lastKnownFileType = sourcecode.swift; path = practice.swift; sourceTree = "<group>"; };
/* End PBXFileReference section */

/* Begin PBXFrameworksBuildPhase section */
		AD6023621FA3F76F00069EC9 /* Frameworks */ = {
			isa = PBXFrameworksBuildPhase;
			buildActionMask = 2147483647;
			files = (
			);
			runOnlyForDeploymentPostprocessing = 0;
		};
/* End PBXFrameworksBuildPhase section */

/* Begin PBXGroup section */
		AD60235C1FA3F76F00069EC9 = {
			isa = PBXGroup;
			children = (
				AD6023671FA3F76F00069EC9 /* Swift Practice */,
				AD6023661FA3F76F00069EC9 /* Products */,
			);
			sourceTree = "<group>";
		};
		AD6023661FA3F76F00069EC9 /* Products */ = {
			isa = PBXGroup;
			children = (
				AD6023651FA3F76F00069EC9 /* Swift Practice */,
			);
			name = Products;
			sourceTree = "<group>";
		};
		AD6023671FA3F76F00069EC9 /* Swift Practice */ = {
			isa = PBXGroup;
			children = (
				AD6023681FA3F76F00069EC9 /* practice.swift */,
				AD5199EE1FBFBC6C001B8A01 /* school.swift */,
				AD5199F01FBFBD10001B8A01 /* main.swift */,
				AD2F47821FC90236008384A7 /* utilities.swift */,
			);
			path = "Swift Practice";
			sourceTree = "<group>";
		};
/* End PBXGroup section */

/* Begin PBXNativeTarget section */
		AD6023641FA3F76F00069EC9 /* Swift Practice */ = {
			isa = PBXNativeTarget;
			buildConfigurationList = AD60236C1FA3F76F00069EC9 /* Build configuration list for PBXNativeTarget "Swift Practice" */;
			buildPhases = (
				AD6023611FA3F76F00069EC9 /* Sources */,
				AD6023621FA3F76F00069EC9 /* Frameworks */,
				AD6023631FA3F76F00069EC9 /* CopyFiles */,
			);
			buildRules = (
			);
			dependencies = (
			);
			name = "Swift Practice";
			productName = "Swift Practice";
			productReference = AD6023651FA3F76F00069EC9 /* Swift Practice */;
			productType = "com.apple.product-type.tool";
		};
/* End PBXNativeTarget section */

/* Begin PBXProject section */
		AD60235D1FA3F76F00069EC9 /* Project object */ = {
			isa = PBXProject;
			attributes = {
				LastSwiftUpdateCheck = 0820;
				LastUpgradeCheck = 0820;
				ORGANIZATIONNAME = "Preston Tran";
				TargetAttributes = {
					AD6023641FA3F76F00069EC9 = {
						CreatedOnToolsVersion = 8.2.1;
						ProvisioningStyle = Automatic;
					};
				};
			};
			buildConfigurationList = AD6023601FA3F76F00069EC9 /* Build configuration list for PBXProject "Swift Practice" */;
			compatibilityVersion = "Xcode 3.2";
			developmentRegion = English;
			hasScannedForEncodings = 0;
			knownRegions = (
				en,
			);
			mainGroup = AD60235C1FA3F76F00069EC9;
			productRefGroup = AD6023661FA3F76F00069EC9 /* Products */;
			projectDirPath = "";
			projectRoot = "";
			targets = (
				AD6023641FA3F76F00069EC9 /* Swift Practice */,
			);
		};
/* End PBXProject section */

/* Begin PBXSourcesBuildPhase section */
		AD6023611FA3F76F00069EC9 /* Sources */ = {
			isa = PBXSourcesBuildPhase;
			buildActionMask = 2147483647;
			files = (
				AD5199F11FBFBD10001B8A01 /* main.swift in Sources */,
				AD5199EF1FBFBC6C001B8A01 /* school.swift in Sources */,
				AD2F47831FC90236008384A7 /* utilities.swift in Sources */,
				AD5199F21FBFBD4E001B8A01 /* practice.swift in Sources */,
			);
			runOnlyForDeploymentPostprocessing = 0;
		};
/* End PBXSourcesBuildPhase section */

/* Begin XCBuildConfiguration section */
		AD60236A1FA3F76F00069EC9 /* Debug */ = {
			isa = XCBuildConfiguration;
			buildSettings = {
				ALWAYS_SEARCH_USER_PATHS = NO;
				CLANG_ANALYZER_NONNULL = YES;
				CLANG_CXX_LANGUAGE_STANDARD = "gnu++0x";
				CLANG_CXX_LIBRARY = "libc++";
				CLANG_ENABLE_MODULES = YES;
				CLANG_ENABLE_OBJC_ARC = YES;
				CLANG_WARN_BOOL_CONVERSION = YES;
				CLANG_WARN_CONSTANT_CONVERSION = YES;
				CLANG_WARN_DIRECT_OBJC_ISA_USAGE = YES_ERROR;
				CLANG_WARN_DOCUMENTATION_COMMENTS = YES;
				CLANG_WARN_EMPTY_BODY = YES;
				CLANG_WARN_ENUM_CONVERSION = YES;
				CLANG_WARN_INFINITE_RECURSION = YES;
				CLANG_WARN_INT_CONVERSION = YES;
				CLANG_WARN_OBJC_ROOT_CLASS = YES_ERROR;
				CLANG_WARN_SUSPICIOUS_MOVE = YES;
				CLANG_WARN_UNREACHABLE_CODE = YES;
				CLANG_WARN__DUPLICATE_METHOD_MATCH = YES;
				CODE_SIGN_IDENTITY = "-";
				COPY_PHASE_STRIP = NO;
				DEBUG_INFORMATION_FORMAT = dwarf;
				ENABLE_STRICT_OBJC_MSGSEND = YES;
				ENABLE_TESTABILITY = YES;
				GCC_C_LANGUAGE_STANDARD = gnu99;
				GCC_DYNAMIC_NO_PIC = NO;
				GCC_NO_COMMON_BLOCKS = YES;
				GCC_OPTIMIZATION_LEVEL = 0;
				GCC_PREPROCESSOR_DEFINITIONS = (
					"DEBUG=1",
					"$(inherited)",
				);
				GCC_WARN_64_TO_32_BIT_CONVERSION = YES;
				GCC_WARN_ABOUT_RETURN_TYPE = YES_ERROR;
				GCC_WARN_UNDECLARED_SELECTOR = YES;
				GCC_WARN_UNINITIALIZED_AUTOS = YES_AGGRESSIVE;
				GCC_WARN_UNUSED_FUNCTION = YES;
				GCC_WARN_UNUSED_VARIABLE = YES;
				MACOSX_DEPLOYMENT_TARGET = 10.12;
				MTL_ENABLE_DEBUG_INFO = YES;
				ONLY_ACTIVE_ARCH = YES;
				SDKROOT = macosx;
				SWIFT_OPTIMIZATION_LEVEL = "-Onone";
			};
			name = Debug;
		};
		AD60236B1FA3F76F00069EC9 /* Release */ = {
			isa = XCBuildConfiguration;
			buildSettings = {
				ALWAYS_SEARCH_USER_PATHS = NO;
				CLANG_ANALYZER_NONNULL = YES;
				CLANG_CXX_LANGUAGE_STANDARD = "gnu++0x";
				CLANG_CXX_LIBRARY = "libc++";
				CLANG_ENABLE_MODULES = YES;
				CLANG_ENABLE_OBJC_ARC = YES;
				CLANG_WARN_BOOL_CONVERSION = YES;
				CLANG_WARN_CONSTANT_CONVERSION = YES;
				CLANG_WARN_DIRECT_OBJC_ISA_USAGE = YES_ERROR;
				CLANG_WARN_DOCUMENTATION_COMMENTS = YES;
				CLANG_WARN_EMPTY_BODY = YES;
				CLANG_WARN_ENUM_CONVERSION = YES;
				CLANG_WARN_INFINITE_RECURSION = YES;
				CLANG_WARN_INT_CONVERSION = YES;
				CLANG_WARN_OBJC_ROOT_CLASS = YES_ERROR;
				CLANG_WARN_SUSPICIOUS_MOVE = YES;
				CLANG_WARN_UNREACHABLE_CODE = YES;
				CLANG_WARN__DUPLICATE_METHOD_MATCH = YES;
				CODE_SIGN_IDENTITY = "-";
				COPY_PHASE_STRIP = NO;
				DEBUG_INFORMATION_FORMAT = "dwarf-with-dsym";
				ENABLE_NS_ASSERTIONS = NO;
				ENABLE_STRICT_OBJC_MSGSEND = YES;
				GCC_C_LANGUAGE_STANDARD = gnu99;
				GCC_NO_COMMON_BLOCKS = YES;
				GCC_WARN_64_TO_32_BIT_CONVERSION = YES;
				GCC_WARN_ABOUT_RETURN_TYPE = YES_ERROR;
				GCC_WARN_UNDECLARED_SELECTOR = YES;
				GCC_WARN_UNINITIALIZED_AUTOS = YES_AGGRESSIVE;
				GCC_WARN_UNUSED_FUNCTION = YES;
				GCC_WARN_UNUSED_VARIABLE = YES;
				MACOSX_DEPLOYMENT_TARGET = 10.12;
				MTL_ENABLE_DEBUG_INFO = NO;
				SDKROOT = macosx;
			};
			name = Release;
		};
		AD60236D1FA3F76F00069EC9 /* Debug */ = {
			isa = XCBuildConfiguration;
			buildSettings = {
				PRODUCT_NAME = "$(TARGET_NAME)";
				SWIFT_VERSION = 3.0;
			};
			name = Debug;
		};
		AD60236E1FA3F76F00069EC9 /* Release */ = {
			isa = XCBuildConfiguration;
			buildSettings = {
				PRODUCT_NAME = "$(TARGET_NAME)";
				SWIFT_VERSION = 3.0;
			};
			name = Release;
		};
/* End XCBuildConfiguration section */

/* Begin XCConfigurationList section */
		AD6023601FA3F76F00069EC9 /* Build configuration list for PBXProject "Swift Practice" */ = {
			isa = XCConfigurationList;
			buildConfigurations = (
				AD60236A1FA3F76F00069EC9 /* Debug */,
				AD60236B1FA3F76F00069EC9 /* Release */,
			);
			defaultConfigurationIsVisible = 0;
			defaultConfigurationName = Release;
		};
		AD60236C1FA3F76F00069EC9 /* Build configuration list for PBXNativeTarget "Swift Practice" */ = {
			isa = XCConfigurationList;
			buildConfigurations = (
				AD60236D1FA3F76F00069EC9 /* Debug */,
				AD60236E1FA3F76F00069EC9 /* Release */,
			);
			defaultConfigurationIsVisible = 0;
			defaultConfigurationName = Release;
		};
/* End XCConfigurationList section */
	};
	rootObject = AD60235D1FA3F76F00069EC9 /* Project object */;
}
